
Microsoft Visual Studio Solution File, Format Version 12.00
# Visual Studio Version 17
VisualStudioVersion = 17.0.32112.339
MinimumVisualStudioVersion = 10.0.40219.1
Project("{FAE04EC0-301F-11D3-BF4B-00C04F79EFBC}") = "PrimeNumbers", "PrimeNumbers.csproj", "{C8162F93-5383-43E5-A09B-4FD47335B807}"
EndProject
Global
	GlobalSection(SolutionConfigurationPlatforms) = preSolution
		Debug|Any CPU = Debug|Any CPU
		Release|Any CPU = Release|Any CPU
	EndGlobalSection
	GlobalSection(ProjectConfigurationPlatforms) = postSolution
		{C8162F93-5383-43E5-A09B-4FD47335B807}.Debug|Any CPU.ActiveCfg = Debug|Any CPU
		{C8162F93-5383-43E5-A09B-4FD47335B807}.Debug|Any CPU.Build.0 = Debug|Any CPU
		{C8162F93-5383-43E5-A09B-4FD47335B807}.Release|Any CPU.ActiveCfg = Release|Any CPU
		{C8162F93-5383-43E5-A09B-4FD47335B807}.Release|Any CPU.Build.0 = Release|Any CPU
	EndGlobalSection
	GlobalSection(SolutionProperties) = preSolution
		HideSolutionNode = FALSE
	EndGlobalSection
	GlobalSection(ExtensibilityGlobals) = postSolution
		SolutionGuid = {AEAC6F06-1593-484A-A563-53AB01E901FD}
	EndGlobalSection
EndGlobal
